uuid: 1f5b83d3-2a95-4df7-81d3-404c02575a02
langcode: en
status: true
dependencies:
  config:
    - views.view.featured_products
  module:
    - system
    - views
  theme:
    - demo
id: featured_products_homepage_block
theme: demo
region: content
weight: 0
provider: null
plugin: 'views_block:featured_products-featured_products_homepage_block'
settings:
  id: 'views_block:featured_products-featured_products_homepage_block'
  label: ''
  provider: views
  label_display: visible
  views_label: ''
  items_per_page: none
visibility:
  request_path:
    id: request_path
    pages: '<front>'
    negate: false
    context_mapping: {  }
